
Microsoft Visual Studio Solution File, Format Version 12.00
# Visual Studio Version 17
VisualStudioVersion = 17.4.33403.182
MinimumVisualStudioVersion = 10.0.40219.1
Project("{FAE04EC0-301F-11D3-BF4B-00C04F79EFBC}") = "task", "task.csproj", "{EB8B46CD-7463-4E4A-802F-28C6534ACE4A}"
EndProject
Global
	GlobalSection(SolutionConfigurationPlatforms) = preSolution
		Debug|Any CPU = Debug|Any CPU
		Release|Any CPU = Release|Any CPU
	EndGlobalSection
	GlobalSection(ProjectConfigurationPlatforms) = postSolution
		{EB8B46CD-7463-4E4A-802F-28C6534ACE4A}.Debug|Any CPU.ActiveCfg = Debug|Any CPU
		{EB8B46CD-7463-4E4A-802F-28C6534ACE4A}.Debug|Any CPU.Build.0 = Debug|Any CPU
		{EB8B46CD-7463-4E4A-802F-28C6534ACE4A}.Release|Any CPU.ActiveCfg = Release|Any CPU
		{EB8B46CD-7463-4E4A-802F-28C6534ACE4A}.Release|Any CPU.Build.0 = Release|Any CPU
	EndGlobalSection
	GlobalSection(SolutionProperties) = preSolution
		HideSolutionNode = FALSE
	EndGlobalSection
	GlobalSection(ExtensibilityGlobals) = postSolution
		SolutionGuid = {FA31E086-3C88-4185-A43D-286F565E5E26}
	EndGlobalSection
EndGlobal
